// !$*UTF8*$!
{
	archiveVersion = 1;
	classes = {
	};
	objectVersion = 60;
	objects = {

/* Begin PBXBuildFile section */
		291DE5342C3DE74F007F9706 /* swiftyappApp.swift in Sources */ = {isa = PBXBuildFile; fileRef = 291DE5332C3DE74F007F9706 /* swiftyappApp.swift */; };
		291DE5362C3DE74F007F9706 /* ContentView.swift in Sources */ = {isa = PBXBuildFile; fileRef = 291DE5352C3DE74F007F9706 /* ContentView.swift */; };
		291DE5382C3DE74F007F9706 /* Assets.xcassets in Resources */ = {isa = PBXBuildFile; fileRef = 291DE5372C3DE74F007F9706 /* Assets.xcassets */; };
		291DE53B2C3DE74F007F9706 /* Preview Assets.xcassets in Resources */ = {isa = PBXBuildFile; fileRef = 291DE53A2C3DE74F007F9706 /* Preview Assets.xcassets */; };
		2986A2E32C3F8FA200D13583 /* RustyLib in Frameworks */ = {isa = PBXBuildFile; productRef = 2986A2E22C3F8FA200D13583 /* RustyLib */; };
		4BA045522FC3D11F00FE5E85 /* SystemConfiguration.framework in Frameworks */ = {isa = PBXBuildFile; fileRef = 2986A2E52C3F8FA200D13583 /* SystemConfiguration.framework */; };
		A1B2C3D42C3F9A0000C0FFEE /* CrawlerNetwork.swift in Sources */ = {isa = PBXBuildFile; fileRef = A1B2C3D52C3F9A0000C0FFEE /* CrawlerNetwork.swift */; };
/* End PBXBuildFile section */

/* Begin PBXFileReference section */
		291DE5302C3DE74F007F9706 /* gnostr-relay.app */ = {isa = PBXFileReference; explicitFileType = wrapper.application; includeInIndex = 0; path = "gnostr-relay.app"; sourceTree = BUILT_PRODUCTS_DIR; };
		291DE5332C3DE74F007F9706 /* swiftyappApp.swift */ = {isa = PBXFileReference; lastKnownFileType = sourcecode.swift; path = swiftyappApp.swift; sourceTree = "<group>"; };
		291DE5352C3DE74F007F9706 /* ContentView.swift */ = {isa = PBXFileReference; lastKnownFileType = sourcecode.swift; path = ContentView.swift; sourceTree = "<group>"; };
		291DE5372C3DE74F007F9706 /* Assets.xcassets */ = {isa = PBXFileReference; lastKnownFileType = folder.assetcatalog; path = Assets.xcassets; sourceTree = "<group>"; };
		291DE53A2C3DE74F007F9706 /* Preview Assets.xcassets */ = {isa = PBXFileReference; lastKnownFileType = folder.assetcatalog; path = "Preview Assets.xcassets"; sourceTree = "<group>"; };
		2986A2E52C3F8FA200D13583 /* SystemConfiguration.framework */ = {isa = PBXFileReference; lastKnownFileType = wrapper.framework; name = SystemConfiguration.framework; path = System/Library/Frameworks/SystemConfiguration.framework; sourceTree = SDKROOT; };
		A1B2C3D52C3F9A0000C0FFEE /* CrawlerNetwork.swift */ = {isa = PBXFileReference; lastKnownFileType = sourcecode.swift; path = CrawlerNetwork.swift; sourceTree = "<group>"; };
/* End PBXFileReference section */

/* Begin PBXFrameworksBuildPhase section */
		291DE52D2C3DE74F007F9706 /* Frameworks */ = {
			isa = PBXFrameworksBuildPhase;
			buildActionMask = 2147483647;
			files = (
				4BA045522FC3D11F00FE5E85 /* SystemConfiguration.framework in Frameworks */,
				2986A2E32C3F8FA200D13583 /* RustyLib in Frameworks */,
			);
			runOnlyForDeploymentPostprocessing = 0;
		};
/* End PBXFrameworksBuildPhase section */

/* Begin PBXGroup section */
		291DE5272C3DE74F007F9706 = {
			isa = PBXGroup;
			children = (
				291DE5322C3DE74F007F9706 /* swiftyapp */,
				291DE5312C3DE74F007F9706 /* Products */,
				291DE5412C3DE809007F9706 /* Frameworks */,
			);
			sourceTree = "<group>";
		};
		291DE5312C3DE74F007F9706 /* Products */ = {
			isa = PBXGroup;
			children = (
				291DE5302C3DE74F007F9706 /* gnostr-relay.app */,
			);
			name = Products;
			sourceTree = "<group>";
		};
		291DE5322C3DE74F007F9706 /* swiftyapp */ = {
			isa = PBXGroup;
			children = (
				291DE5332C3DE74F007F9706 /* swiftyappApp.swift */,
				291DE5352C3DE74F007F9706 /* ContentView.swift */,
				A1B2C3D52C3F9A0000C0FFEE /* CrawlerNetwork.swift */,
				291DE5372C3DE74F007F9706 /* Assets.xcassets */,
				291DE5392C3DE74F007F9706 /* Preview Content */,
			);
			path = swiftyapp;
			sourceTree = "<group>";
		};
		291DE5392C3DE74F007F9706 /* Preview Content */ = {
			isa = PBXGroup;
			children = (
				291DE53A2C3DE74F007F9706 /* Preview Assets.xcassets */,
			);
			path = "Preview Content";
			sourceTree = "<group>";
		};
		291DE5412C3DE809007F9706 /* Frameworks */ = {
			isa = PBXGroup;
			children = (
				2986A2E52C3F8FA200D13583 /* SystemConfiguration.framework */,
			);
			name = Frameworks;
			sourceTree = "<group>";
		};
/* End PBXGroup section */

/* Begin PBXNativeTarget section */
		291DE52F2C3DE74F007F9706 /* gnostr-relay */ = {
			isa = PBXNativeTarget;
			buildConfigurationList = 291DE53E2C3DE74F007F9706 /* Build configuration list for PBXNativeTarget "gnostr-relay" */;
			buildPhases = (
				4BB2FF8A2FCDAFA200028826 /* Build RustyLib */,
				291DE52C2C3DE74F007F9706 /* Sources */,
				291DE52D2C3DE74F007F9706 /* Frameworks */,
				291DE52E2C3DE74F007F9706 /* Resources */,
			);
			buildRules = (
			);
			dependencies = (
			);
			name = "gnostr-relay";
			packageProductDependencies = (
				2986A2E22C3F8FA200D13583 /* RustyLib */,
			);
			productName = swiftyapp;
			productReference = 291DE5302C3DE74F007F9706 /* gnostr-relay.app */;
			productType = "com.apple.product-type.application";
		};
/* End PBXNativeTarget section */

/* Begin PBXProject section */
		291DE5282C3DE74F007F9706 /* Project object */ = {
			isa = PBXProject;
			attributes = {
				BuildIndependentTargetsInParallel = 1;
				LastSwiftUpdateCheck = 1530;
				LastUpgradeCheck = 1530;
				TargetAttributes = {
					291DE52F2C3DE74F007F9706 = {
						CreatedOnToolsVersion = 15.3;
					};
				};
			};
			buildConfigurationList = 291DE52B2C3DE74F007F9706 /* Build configuration list for PBXProject "gnostr-relay" */;
			compatibilityVersion = "Xcode 14.0";
			developmentRegion = en;
			hasScannedForEncodings = 0;
			knownRegions = (
				en,
				Base,
			);
			mainGroup = 291DE5272C3DE74F007F9706;
			packageReferences = (
				2986A2E62C3F8FA200D13583 /* XCLocalSwiftPackageReference "Lib/swiftyrustlib" */,
			);
			productRefGroup = 291DE5312C3DE74F007F9706 /* Products */;
			projectDirPath = "";
			projectRoot = "";
			targets = (
				291DE52F2C3DE74F007F9706 /* gnostr-relay */,
			);
		};
/* End PBXProject section */

/* Begin PBXResourcesBuildPhase section */
		291DE52E2C3DE74F007F9706 /* Resources */ = {
			isa = PBXResourcesBuildPhase;
			buildActionMask = 2147483647;
			files = (
				291DE53B2C3DE74F007F9706 /* Preview Assets.xcassets in Resources */,
				291DE5382C3DE74F007F9706 /* Assets.xcassets in Resources */,
			);
			runOnlyForDeploymentPostprocessing = 0;
		};
/* End PBXResourcesBuildPhase section */

/* Begin PBXShellScriptBuildPhase section */
		4BB2FF8A2FCDAFA200028826 /* Build RustyLib */ = {
			isa = PBXShellScriptBuildPhase;
			buildActionMask = 2147483647;
			files = (
			);
			inputFileListPaths = (
			);
			inputPaths = (
			);
			name = "Build RustyLib";
			outputFileListPaths = (
			);
			outputPaths = (
			);
			runOnlyForDeploymentPostprocessing = 0;
			shellPath = /bin/sh;
			shellScript = "# Type a script or drag a script file from your workspace to insert its path.\nset -euxo pipefail\ncd \"${SRCROOT}/..\"\n#./build.sh\n";
		};
/* End PBXShellScriptBuildPhase section */

/* Begin PBXSourcesBuildPhase section */
		291DE52C2C3DE74F007F9706 /* Sources */ = {
			isa = PBXSourcesBuildPhase;
			buildActionMask = 2147483647;
			files = (
				291DE5362C3DE74F007F9706 /* ContentView.swift in Sources */,
				A1B2C3D42C3F9A0000C0FFEE /* CrawlerNetwork.swift in Sources */,
				291DE5342C3DE74F007F9706 /* swiftyappApp.swift in Sources */,
			);
			runOnlyForDeploymentPostprocessing = 0;
		};
/* End PBXSourcesBuildPhase section */

/* Begin XCBuildConfiguration section */
		291DE53C2C3DE74F007F9706 /* Debug */ = {
			isa = XCBuildConfiguration;
			buildSettings = {
				ALWAYS_SEARCH_USER_PATHS = NO;
				ASSETCATALOG_COMPILER_GENERATE_SWIFT_ASSET_SYMBOL_EXTENSIONS = YES;
				CLANG_ANALYZER_NONNULL = YES;
				CLANG_ANALYZER_NUMBER_OBJECT_CONVERSION = YES_AGGRESSIVE;
				CLANG_CXX_LANGUAGE_STANDARD = "gnu++20";
				CLANG_ENABLE_MODULES = YES;
				CLANG_ENABLE_OBJC_ARC = YES;
				CLANG_ENABLE_OBJC_WEAK = YES;
				CLANG_WARN_BLOCK_CAPTURE_AUTORELEASING = YES;
				CLANG_WARN_BOOL_CONVERSION = YES;
				CLANG_WARN_COMMA = YES;
				CLANG_WARN_CONSTANT_CONVERSION = YES;
				CLANG_WARN_DEPRECATED_OBJC_IMPLEMENTATIONS = YES;
				CLANG_WARN_DIRECT_OBJC_ISA_USAGE = YES_ERROR;
				CLANG_WARN_DOCUMENTATION_COMMENTS = YES;
				CLANG_WARN_EMPTY_BODY = YES;
				CLANG_WARN_ENUM_CONVERSION = YES;
				CLANG_WARN_INFINITE_RECURSION = YES;
				CLANG_WARN_INT_CONVERSION = YES;
				CLANG_WARN_NON_LITERAL_NULL_CONVERSION = YES;
				CLANG_WARN_OBJC_IMPLICIT_RETAIN_SELF = YES;
				CLANG_WARN_OBJC_LITERAL_CONVERSION = YES;
				CLANG_WARN_OBJC_ROOT_CLASS = YES_ERROR;
				CLANG_WARN_QUOTED_INCLUDE_IN_FRAMEWORK_HEADER = YES;
				CLANG_WARN_RANGE_LOOP_ANALYSIS = YES;
				CLANG_WARN_STRICT_PROTOTYPES = YES;
				CLANG_WARN_SUSPICIOUS_MOVE = YES;
				CLANG_WARN_UNGUARDED_AVAILABILITY = YES_AGGRESSIVE;
				CLANG_WARN_UNREACHABLE_CODE = YES;
				CLANG_WARN__DUPLICATE_METHOD_MATCH = YES;
				COPY_PHASE_STRIP = NO;
				DEBUG_INFORMATION_FORMAT = dwarf;
				ENABLE_STRICT_OBJC_MSGSEND = YES;
				ENABLE_TESTABILITY = YES;
				ENABLE_USER_SCRIPT_SANDBOXING = YES;
				GCC_C_LANGUAGE_STANDARD = gnu17;
				GCC_DYNAMIC_NO_PIC = NO;
				GCC_NO_COMMON_BLOCKS = YES;
				GCC_OPTIMIZATION_LEVEL = 0;
				GCC_PREPROCESSOR_DEFINITIONS = (
					"DEBUG=1",
					"$(inherited)",
				);
				GCC_WARN_64_TO_32_BIT_CONVERSION = YES;
				GCC_WARN_ABOUT_RETURN_TYPE = YES_ERROR;
				GCC_WARN_UNDECLARED_SELECTOR = YES;
				GCC_WARN_UNINITIALIZED_AUTOS = YES_AGGRESSIVE;
				GCC_WARN_UNUSED_FUNCTION = YES;
				GCC_WARN_UNUSED_VARIABLE = YES;
				INFOPLIST_KEY_LSApplicationCategoryType = "public.app-category.utilities";
				INFOPLIST_KEY_UIRequiresFullScreen = YES;
				INFOPLIST_KEY_UIStatusBarHidden = YES;
				IPHONEOS_DEPLOYMENT_TARGET = 17.6;
				LD_WARN_DUPLICATE_LIBRARIES = YES;
				LD_WARN_UNUSED_DYLIBS = YES;
				LOCALIZATION_PREFERS_STRING_CATALOGS = YES;
				MTL_ENABLE_DEBUG_INFO = INCLUDE_SOURCE;
				MTL_FAST_MATH = YES;
				ONLY_ACTIVE_ARCH = YES;
				SDKROOT = iphoneos;
				SWIFT_ACTIVE_COMPILATION_CONDITIONS = "DEBUG $(inherited)";
				SWIFT_OPTIMIZATION_LEVEL = "-Onone";
				VALIDATE_PRODUCT = YES;
			};
			name = Debug;
		};
		291DE53D2C3DE74F007F9706 /* Release */ = {
			isa = XCBuildConfiguration;
			buildSettings = {
				ALWAYS_SEARCH_USER_PATHS = NO;
				ASSETCATALOG_COMPILER_GENERATE_SWIFT_ASSET_SYMBOL_EXTENSIONS = YES;
				CLANG_ANALYZER_NONNULL = YES;
				CLANG_ANALYZER_NUMBER_OBJECT_CONVERSION = YES_AGGRESSIVE;
				CLANG_CXX_LANGUAGE_STANDARD = "gnu++20";
				CLANG_ENABLE_MODULES = YES;
				CLANG_ENABLE_OBJC_ARC = YES;
				CLANG_ENABLE_OBJC_WEAK = YES;
				CLANG_WARN_BLOCK_CAPTURE_AUTORELEASING = YES;
				CLANG_WARN_BOOL_CONVERSION = YES;
				CLANG_WARN_COMMA = YES;
				CLANG_WARN_CONSTANT_CONVERSION = YES;
				CLANG_WARN_DEPRECATED_OBJC_IMPLEMENTATIONS = YES;
				CLANG_WARN_DIRECT_OBJC_ISA_USAGE = YES_ERROR;
				CLANG_WARN_DOCUMENTATION_COMMENTS = YES;
				CLANG_WARN_EMPTY_BODY = YES;
				CLANG_WARN_ENUM_CONVERSION = YES;
				CLANG_WARN_INFINITE_RECURSION = YES;
				CLANG_WARN_INT_CONVERSION = YES;
				CLANG_WARN_NON_LITERAL_NULL_CONVERSION = YES;
				CLANG_WARN_OBJC_IMPLICIT_RETAIN_SELF = YES;
				CLANG_WARN_OBJC_LITERAL_CONVERSION = YES;
				CLANG_WARN_OBJC_ROOT_CLASS = YES_ERROR;
				CLANG_WARN_QUOTED_INCLUDE_IN_FRAMEWORK_HEADER = YES;
				CLANG_WARN_RANGE_LOOP_ANALYSIS = YES;
				CLANG_WARN_STRICT_PROTOTYPES = YES;
				CLANG_WARN_SUSPICIOUS_MOVE = YES;
				CLANG_WARN_UNGUARDED_AVAILABILITY = YES_AGGRESSIVE;
				CLANG_WARN_UNREACHABLE_CODE = YES;
				CLANG_WARN__DUPLICATE_METHOD_MATCH = YES;
				COPY_PHASE_STRIP = NO;
				DEBUG_INFORMATION_FORMAT = "dwarf-with-dsym";
				ENABLE_NS_ASSERTIONS = NO;
				ENABLE_STRICT_OBJC_MSGSEND = YES;
				ENABLE_USER_SCRIPT_SANDBOXING = YES;
				GCC_C_LANGUAGE_STANDARD = gnu17;
				GCC_NO_COMMON_BLOCKS = YES;
				GCC_WARN_64_TO_32_BIT_CONVERSION = YES;
				GCC_WARN_ABOUT_RETURN_TYPE = YES_ERROR;
				GCC_WARN_UNDECLARED_SELECTOR = YES;
				GCC_WARN_UNINITIALIZED_AUTOS = YES_AGGRESSIVE;
				GCC_WARN_UNUSED_FUNCTION = YES;
				GCC_WARN_UNUSED_VARIABLE = YES;
				INFOPLIST_KEY_LSApplicationCategoryType = "public.app-category.utilities";
				INFOPLIST_KEY_UIRequiresFullScreen = YES;
				INFOPLIST_KEY_UIStatusBarHidden = YES;
				IPHONEOS_DEPLOYMENT_TARGET = 17.6;
				LD_WARN_DUPLICATE_LIBRARIES = YES;
				LD_WARN_UNUSED_DYLIBS = YES;
				LOCALIZATION_PREFERS_STRING_CATALOGS = YES;
				MTL_ENABLE_DEBUG_INFO = NO;
				MTL_FAST_MATH = YES;
				SDKROOT = iphoneos;
				SWIFT_COMPILATION_MODE = wholemodule;
				VALIDATE_PRODUCT = YES;
			};
			name = Release;
		};
		291DE53F2C3DE74F007F9706 /* Debug */ = {
			isa = XCBuildConfiguration;
			buildSettings = {
				ASSETCATALOG_COMPILER_APPICON_NAME = AppIcon;
				ASSETCATALOG_COMPILER_GLOBAL_ACCENT_COLOR_NAME = AccentColor;
				ASSETCATALOG_COMPILER_INCLUDE_ALL_APPICON_ASSETS = YES;
				CODE_SIGN_IDENTITY = "Apple Development";
				CODE_SIGN_STYLE = Automatic;
				CURRENT_PROJECT_VERSION = 1;
				DEVELOPMENT_ASSET_PATHS = "\"swiftyapp/Preview Content\"";
				DEVELOPMENT_TEAM = M684FYCYG6;
				ENABLE_PREVIEWS = YES;
				GENERATE_INFOPLIST_FILE = YES;
				INFOPLIST_KEY_CFBundleDisplayName = "gnostr-relay";
				INFOPLIST_KEY_LSApplicationCategoryType = "public.app-category.utilities";
				INFOPLIST_KEY_UIApplicationSceneManifest_Generation = YES;
				INFOPLIST_KEY_UIApplicationSupportsIndirectInputEvents = YES;
				INFOPLIST_KEY_UILaunchScreen_Generation = YES;
				INFOPLIST_KEY_UIRequiresFullScreen = YES;
				INFOPLIST_KEY_UIStatusBarHidden = YES;
				INFOPLIST_KEY_UISupportedInterfaceOrientations_iPad = "UIInterfaceOrientationPortrait UIInterfaceOrientationPortraitUpsideDown UIInterfaceOrientationLandscapeLeft UIInterfaceOrientationLandscapeRight";
				INFOPLIST_KEY_UISupportedInterfaceOrientations_iPhone = "UIInterfaceOrientationPortrait UIInterfaceOrientationLandscapeLeft UIInterfaceOrientationLandscapeRight";
				LD_RUNPATH_SEARCH_PATHS = (
					"$(inherited)",
					"@executable_path/Frameworks",
				);
				MARKETING_VERSION = 1.0;
				OTHER_LDFLAGS = (
					"$(inherited)",
					"-lz",
					"-liconv",
				);
				PRODUCT_BUNDLE_IDENTIFIER = "org.gnostr.gnostr-relay";
				PRODUCT_NAME = "$(TARGET_NAME)";
				PROVISIONING_PROFILE_SPECIFIER = "";
				SUPPORTED_PLATFORMS = "iphoneos iphonesimulator";
				SUPPORTS_MACCATALYST = NO;
				SWIFT_EMIT_LOC_STRINGS = YES;
				SWIFT_VERSION = 5.0;
				TARGETED_DEVICE_FAMILY = "1,2,3";
			};
			name = Debug;
		};
		291DE5402C3DE74F007F9706 /* Release */ = {
			isa = XCBuildConfiguration;
			buildSettings = {
				ASSETCATALOG_COMPILER_APPICON_NAME = AppIcon;
				ASSETCATALOG_COMPILER_GLOBAL_ACCENT_COLOR_NAME = AccentColor;
				ASSETCATALOG_COMPILER_INCLUDE_ALL_APPICON_ASSETS = YES;
				CODE_SIGN_IDENTITY = "Apple Development";
				CODE_SIGN_STYLE = Automatic;
				CURRENT_PROJECT_VERSION = 1;
				DEVELOPMENT_ASSET_PATHS = "\"swiftyapp/Preview Content\"";
				DEVELOPMENT_TEAM = M684FYCYG6;
				ENABLE_PREVIEWS = YES;
				GENERATE_INFOPLIST_FILE = YES;
				INFOPLIST_KEY_CFBundleDisplayName = "gnostr-relay";
				INFOPLIST_KEY_LSApplicationCategoryType = "public.app-category.utilities";
				INFOPLIST_KEY_UIApplicationSceneManifest_Generation = YES;
				INFOPLIST_KEY_UIApplicationSupportsIndirectInputEvents = YES;
				INFOPLIST_KEY_UILaunchScreen_Generation = YES;
				INFOPLIST_KEY_UIRequiresFullScreen = YES;
				INFOPLIST_KEY_UIStatusBarHidden = YES;
				INFOPLIST_KEY_UISupportedInterfaceOrientations_iPad = "UIInterfaceOrientationPortrait UIInterfaceOrientationPortraitUpsideDown UIInterfaceOrientationLandscapeLeft UIInterfaceOrientationLandscapeRight";
				INFOPLIST_KEY_UISupportedInterfaceOrientations_iPhone = "UIInterfaceOrientationPortrait UIInterfaceOrientationLandscapeLeft UIInterfaceOrientationLandscapeRight";
				LD_RUNPATH_SEARCH_PATHS = (
					"$(inherited)",
					"@executable_path/Frameworks",
				);
				MARKETING_VERSION = 1.0;
				OTHER_LDFLAGS = (
					"$(inherited)",
					"-lz",
					"-liconv",
				);
				PRODUCT_BUNDLE_IDENTIFIER = "org.gnostr.gnostr-relay";
				PRODUCT_NAME = "$(TARGET_NAME)";
				PROVISIONING_PROFILE_SPECIFIER = "";
				SUPPORTED_PLATFORMS = "iphoneos iphonesimulator";
				SUPPORTS_MACCATALYST = NO;
				SWIFT_EMIT_LOC_STRINGS = YES;
				SWIFT_VERSION = 5.0;
				TARGETED_DEVICE_FAMILY = "1,2,3";
			};
			name = Release;
		};
/* End XCBuildConfiguration section */

/* Begin XCConfigurationList section */
		291DE52B2C3DE74F007F9706 /* Build configuration list for PBXProject "gnostr-relay" */ = {
			isa = XCConfigurationList;
			buildConfigurations = (
				291DE53C2C3DE74F007F9706 /* Debug */,
				291DE53D2C3DE74F007F9706 /* Release */,
			);
			defaultConfigurationIsVisible = 0;
			defaultConfigurationName = Debug;
		};
		291DE53E2C3DE74F007F9706 /* Build configuration list for PBXNativeTarget "gnostr-relay" */ = {
			isa = XCConfigurationList;
			buildConfigurations = (
				291DE53F2C3DE74F007F9706 /* Debug */,
				291DE5402C3DE74F007F9706 /* Release */,
			);
			defaultConfigurationIsVisible = 0;
			defaultConfigurationName = Debug;
		};
/* End XCConfigurationList section */

/* Begin XCLocalSwiftPackageReference section */
		2986A2E62C3F8FA200D13583 /* XCLocalSwiftPackageReference "Lib/swiftyrustlib" */ = {
			isa = XCLocalSwiftPackageReference;
			relativePath = Lib/swiftyrustlib;
		};
/* End XCLocalSwiftPackageReference section */

/* Begin XCSwiftPackageProductDependency section */
		2986A2E22C3F8FA200D13583 /* RustyLib */ = {
			isa = XCSwiftPackageProductDependency;
			package = 2986A2E62C3F8FA200D13583 /* XCLocalSwiftPackageReference "Lib/swiftyrustlib" */;
			productName = RustyLib;
		};
/* End XCSwiftPackageProductDependency section */
	};
	rootObject = 291DE5282C3DE74F007F9706 /* Project object */;
}
